
Microsoft Visual Studio Solution File, Format Version 12.00
# Visual Studio Version 17
VisualStudioVersion = 17.10.34916.146
MinimumVisualStudioVersion = 10.0.40219.1
Project("{9A19103F-16F7-4668-BE54-9A1E7A4F7556}") = "charityPulse.API", "charityPulse.API\charityPulse.API.csproj", "{E04DC6F7-C661-4A0D-BE1B-A0AB63843B5C}"
EndProject
Project("{9A19103F-16F7-4668-BE54-9A1E7A4F7556}") = "charityPulse.core", "charityPulse.core\charityPulse.core.csproj", "{9E26513B-2116-4442-92FC-BC853913A791}"
EndProject
Project("{9A19103F-16F7-4668-BE54-9A1E7A4F7556}") = "charityPulse.Application", "charityPulse.Application\charityPulse.Application.csproj", "{9AAFF209-BD73-4B33-8119-048CC89A42EB}"
EndProject
Project("{FAE04EC0-301F-11D3-BF4B-00C04F79EFBC}") = "charityPulse.Infrastructure", "charityPulse.Infrastructure\charityPulse.Infrastructure.csproj", "{CF518C4D-67B5-48D9-B35F-2EDD5D47270A}"
EndProject
Global
	GlobalSection(SolutionConfigurationPlatforms) = preSolution
		Debug|Any CPU = Debug|Any CPU
		Release|Any CPU = Release|Any CPU
	EndGlobalSection
	GlobalSection(ProjectConfigurationPlatforms) = postSolution
		{E04DC6F7-C661-4A0D-BE1B-A0AB63843B5C}.Debug|Any CPU.ActiveCfg = Debug|Any CPU
		{E04DC6F7-C661-4A0D-BE1B-A0AB63843B5C}.Debug|Any CPU.Build.0 = Debug|Any CPU
		{E04DC6F7-C661-4A0D-BE1B-A0AB63843B5C}.Release|Any CPU.ActiveCfg = Release|Any CPU
		{E04DC6F7-C661-4A0D-BE1B-A0AB63843B5C}.Release|Any CPU.Build.0 = Release|Any CPU
		{9E26513B-2116-4442-92FC-BC853913A791}.Debug|Any CPU.ActiveCfg = Debug|Any CPU
		{9E26513B-2116-4442-92FC-BC853913A791}.Debug|Any CPU.Build.0 = Debug|Any CPU
		{9E26513B-2116-4442-92FC-BC853913A791}.Release|Any CPU.ActiveCfg = Release|Any CPU
		{9E26513B-2116-4442-92FC-BC853913A791}.Release|Any CPU.Build.0 = Release|Any CPU
		{9AAFF209-BD73-4B33-8119-048CC89A42EB}.Debug|Any CPU.ActiveCfg = Debug|Any CPU
		{9AAFF209-BD73-4B33-8119-048CC89A42EB}.Debug|Any CPU.Build.0 = Debug|Any CPU
		{9AAFF209-BD73-4B33-8119-048CC89A42EB}.Release|Any CPU.ActiveCfg = Release|Any CPU
		{9AAFF209-BD73-4B33-8119-048CC89A42EB}.Release|Any CPU.Build.0 = Release|Any CPU
		{CF518C4D-67B5-48D9-B35F-2EDD5D47270A}.Debug|Any CPU.ActiveCfg = Debug|Any CPU
		{CF518C4D-67B5-48D9-B35F-2EDD5D47270A}.Debug|Any CPU.Build.0 = Debug|Any CPU
		{CF518C4D-67B5-48D9-B35F-2EDD5D47270A}.Release|Any CPU.ActiveCfg = Release|Any CPU
		{CF518C4D-67B5-48D9-B35F-2EDD5D47270A}.Release|Any CPU.Build.0 = Release|Any CPU
	EndGlobalSection
	GlobalSection(SolutionProperties) = preSolution
		HideSolutionNode = FALSE
	EndGlobalSection
	GlobalSection(ExtensibilityGlobals) = postSolution
		SolutionGuid = {0526CB9C-31B7-48C2-8F32-36CF226F3DC5}
	EndGlobalSection
EndGlobal
